
Microsoft Visual Studio Solution File, Format Version 10.00
# Visual Studio 2008
Project("{8BC9CEB8-8B4A-11D0-8D11-00A0C91BC942}") = "HashMaker", "HashMaker.vcproj", "{E82C76B4-243E-47BC-B64C-BD8458A98CA2}"
EndProject
Global
	GlobalSection(SolutionConfigurationPlatforms) = preSolution
		Debug|Win32 = Debug|Win32
		Release|Win32 = Release|Win32
	EndGlobalSection
	GlobalSection(ProjectConfigurationPlatforms) = postSolution
		{E82C76B4-243E-47BC-B64C-BD8458A98CA2}.Debug|Win32.ActiveCfg = Debug|Win32
		{E82C76B4-243E-47BC-B64C-BD8458A98CA2}.Debug|Win32.Build.0 = Debug|Win32
		{E82C76B4-243E-47BC-B64C-BD8458A98CA2}.Release|Win32.ActiveCfg = Release|Win32
		{E82C76B4-243E-47BC-B64C-BD8458A98CA2}.Release|Win32.Build.0 = Release|Win32
	EndGlobalSection
	GlobalSection(SolutionProperties) = preSolution
		HideSolutionNode = FALSE
	EndGlobalSection
EndGlobal
